{
  "name": "@nah-organization/signaling",
  "version": "0.1.2",
  "lockfileVersion": 3,
  "requires": true,
  "packages": {
    "": {
      "name": "@nah-organization/signaling",
      "version": "0.1.2",
      "dependencies": {
        "@8128-33550336/typedeventemitter": "^0.0.6",
        "superstruct": "^1.0.3"
      },
      "devDependencies": {
        "typescript": "^5.0.2"
      }
    },
    "node_modules/@8128-33550336/typedeventemitter": {
      "version": "0.0.6",
      "resolved": "https://npm.pkg.github.com/download/@8128-33550336/typedeventemitter/0.0.6/4cb754eb2ed7d9446746c9178570df29c55b2c95",
      "integrity": "sha512-L25HkOth9e5REIrzn9ISK4zY4X9e6Ji42M5J/TvWujOpJRpg36YYC/DD2T6q+Q5K3MgWfhajARLCq3a8iaF2kg==",
      "dependencies": {
        "events": "^3.3.0"
      }
    },
    "node_modules/events": {
      "version": "3.3.0",
      "resolved": "https://registry.npmjs.org/events/-/events-3.3.0.tgz",
      "integrity": "sha512-mQw+2fkQbALzQ7V0MY0IqdnXNOeTtP4r0lN9z7AAawCXgqea7bDii20AYrIBrFd/Hx0M2Ocz6S111CaFkUcb0Q==",
      "engines": {
        "node": ">=0.8.x"
      }
    },
    "node_modules/superstruct": {
      "version": "1.0.3",
      "resolved": "https://registry.npmjs.org/superstruct/-/superstruct-1.0.3.tgz",
      "integrity": "sha512-8iTn3oSS8nRGn+C2pgXSKPI3jmpm6FExNazNpjvqS6ZUJQCej3PUXEKM8NjHBOs54ExM+LPW/FBRhymrdcCiSg==",
      "engines": {
        "node": ">=14.0.0"
      }
    },
    "node_modules/typescript": {
      "version": "5.0.2",
      "resolved": "https://registry.npmjs.org/typescript/-/typescript-5.0.2.tgz",
      "integrity": "sha512-wVORMBGO/FAs/++blGNeAVdbNKtIh1rbBL2EyQ1+J9lClJ93KiiKe8PmFIVdXhHcyv44SL9oglmfeSsndo0jRw==",
      "dev": true,
      "bin": {
        "tsc": "bin/tsc",
        "tsserver": "bin/tsserver"
      },
      "engines": {
        "node": ">=12.20"
      }
    }
  }
}
