{
  "name": "@nah-organization/signaling",
  "version": "0.1.0",
  "lockfileVersion": 3,
  "requires": true,
  "packages": {
    "": {
      "name": "@nah-organization/signaling",
      "version": "0.1.0",
      "dependencies": {
        "@8128-33550336/typedeventemitter": "^0.0.2",
        "superstruct": "^1.0.3"
      },
      "devDependencies": {
        "typescript": "^5.0.2"
      }
    },
    "node_modules/@8128-33550336/typedeventemitter": {
      "version": "0.0.2",
      "resolved": "https://npm.pkg.github.com/download/@8128-33550336/typedeventemitter/0.0.2/8018a55fc812b8d00b801ae8ff6ee7846ce1abd9",
      "integrity": "sha512-/sgETuiFyQocWHkcahi/2wwW/uYeI90NVja88woGEs/9P+ImPs9AvYBUgG4MB2txXNBn4pCdpHL9n8BnURZDQg=="
    },
    "node_modules/superstruct": {
      "version": "1.0.3",
      "resolved": "https://registry.npmjs.org/superstruct/-/superstruct-1.0.3.tgz",
      "integrity": "sha512-8iTn3oSS8nRGn+C2pgXSKPI3jmpm6FExNazNpjvqS6ZUJQCej3PUXEKM8NjHBOs54ExM+LPW/FBRhymrdcCiSg==",
      "engines": {
        "node": ">=14.0.0"
      }
    },
    "node_modules/typescript": {
      "version": "5.0.2",
      "resolved": "https://registry.npmjs.org/typescript/-/typescript-5.0.2.tgz",
      "integrity": "sha512-wVORMBGO/FAs/++blGNeAVdbNKtIh1rbBL2EyQ1+J9lClJ93KiiKe8PmFIVdXhHcyv44SL9oglmfeSsndo0jRw==",
      "dev": true,
      "bin": {
        "tsc": "bin/tsc",
        "tsserver": "bin/tsserver"
      },
      "engines": {
        "node": ">=12.20"
      }
    }
  }
}
